
Microsoft Visual Studio Solution File, Format Version 12.00
# Visual Studio 2015
Project("{FAE04EC0-301F-11D3-BF4B-00C04F79EFBC}") = "Maze Game CW.CSharp.Plugins", "Maze Game CW.CSharp.Plugins.csproj", "{82B7F240-7078-0513-DC05-AEF25360A96C}"
EndProject
Project("{FAE04EC0-301F-11D3-BF4B-00C04F79EFBC}") = "Maze Game CW.CSharp", "Maze Game CW.CSharp.csproj", "{9BD19396-149C-49EF-D402-ECC7BF789C1E}"
EndProject
Project("{FAE04EC0-301F-11D3-BF4B-00C04F79EFBC}") = "Maze Game CW.CSharp.Editor", "Maze Game CW.CSharp.Editor.csproj", "{6427CF86-40FA-CA66-C17F-682C6B33017E}"
EndProject
Global
	GlobalSection(SolutionConfigurationPlatforms) = preSolution
		Debug|Any CPU = Debug|Any CPU
		Release|Any CPU = Release|Any CPU
	EndGlobalSection
	GlobalSection(ProjectConfigurationPlatforms) = postSolution
		{82B7F240-7078-0513-DC05-AEF25360A96C}.Debug|Any CPU.ActiveCfg = Debug|Any CPU
		{82B7F240-7078-0513-DC05-AEF25360A96C}.Debug|Any CPU.Build.0 = Debug|Any CPU
		{82B7F240-7078-0513-DC05-AEF25360A96C}.Release|Any CPU.ActiveCfg = Release|Any CPU
		{82B7F240-7078-0513-DC05-AEF25360A96C}.Release|Any CPU.Build.0 = Release|Any CPU
		{9BD19396-149C-49EF-D402-ECC7BF789C1E}.Debug|Any CPU.ActiveCfg = Debug|Any CPU
		{9BD19396-149C-49EF-D402-ECC7BF789C1E}.Debug|Any CPU.Build.0 = Debug|Any CPU
		{9BD19396-149C-49EF-D402-ECC7BF789C1E}.Release|Any CPU.ActiveCfg = Release|Any CPU
		{9BD19396-149C-49EF-D402-ECC7BF789C1E}.Release|Any CPU.Build.0 = Release|Any CPU
		{6427CF86-40FA-CA66-C17F-682C6B33017E}.Debug|Any CPU.ActiveCfg = Debug|Any CPU
		{6427CF86-40FA-CA66-C17F-682C6B33017E}.Debug|Any CPU.Build.0 = Debug|Any CPU
		{6427CF86-40FA-CA66-C17F-682C6B33017E}.Release|Any CPU.ActiveCfg = Release|Any CPU
		{6427CF86-40FA-CA66-C17F-682C6B33017E}.Release|Any CPU.Build.0 = Release|Any CPU
	EndGlobalSection
	GlobalSection(SolutionProperties) = preSolution
		HideSolutionNode = FALSE
	EndGlobalSection
EndGlobal
